
Microsoft Visual Studio Solution File, Format Version 12.00
# Visual Studio Version 16
VisualStudioVersion = 16.0.30611.23
MinimumVisualStudioVersion = 10.0.40219.1
Project("{8BC9CEB8-8B4A-11D0-8D11-00A0C91BC942}") = "Project Casino", "Project Casino\Project Casino.vcxproj", "{1EACD017-32E7-4CC6-B562-F33DA7A2C996}"
EndProject
Global
	GlobalSection(SolutionConfigurationPlatforms) = preSolution
		Debug|x64 = Debug|x64
		Debug|x86 = Debug|x86
		Release|x64 = Release|x64
		Release|x86 = Release|x86
	EndGlobalSection
	GlobalSection(ProjectConfigurationPlatforms) = postSolution
		{1EACD017-32E7-4CC6-B562-F33DA7A2C996}.Debug|x64.ActiveCfg = Debug|x64
		{1EACD017-32E7-4CC6-B562-F33DA7A2C996}.Debug|x64.Build.0 = Debug|x64
		{1EACD017-32E7-4CC6-B562-F33DA7A2C996}.Debug|x86.ActiveCfg = Debug|Win32
		{1EACD017-32E7-4CC6-B562-F33DA7A2C996}.Debug|x86.Build.0 = Debug|Win32
		{1EACD017-32E7-4CC6-B562-F33DA7A2C996}.Release|x64.ActiveCfg = Release|x64
		{1EACD017-32E7-4CC6-B562-F33DA7A2C996}.Release|x64.Build.0 = Release|x64
		{1EACD017-32E7-4CC6-B562-F33DA7A2C996}.Release|x86.ActiveCfg = Release|Win32
		{1EACD017-32E7-4CC6-B562-F33DA7A2C996}.Release|x86.Build.0 = Release|Win32
	EndGlobalSection
	GlobalSection(SolutionProperties) = preSolution
		HideSolutionNode = FALSE
	EndGlobalSection
	GlobalSection(ExtensibilityGlobals) = postSolution
		SolutionGuid = {DB80E59C-8C73-414B-9E24-F13A51BBE7FE}
	EndGlobalSection
EndGlobal
